github.com/davecgh/go-spew v1.1.2-0.20180830191138-d8f796af33cc h1:U9qPSI2PIWSS1VwoXQT9A3Wy9MM3WgvqSxFWenqJduM=
github.com/gofiber/template/html/v3 v3.0.0 h1:m/NKxFIAFG4+rsvgUH+gBZAplcKv8DP3+Nz/i/sdq+Y=
github.com/gofiber/template/html/v3 v3.0.0/go.mod h1:tOIYcI97IbW6igyGnISp5BcykGxOGQURkGPkUhfaAiw=
github.com/gofiber/template/v2 v2.0.0 h1:E+WPRsCNLxS2j3SsRU2sbqG2suD9dZMbDsv4NZF5tCg=
github.com/gofiber/template/v2 v2.0.0/go.mod h1:n311woO10kG4/MZ35TTvbuoSEx+etErXBmu+0pFzQ1s=
github.com/gofiber/utils v1.2.0 h1:NCaqd+Efg3khhN++eeUUTyBz+byIxAsmIjpl8kKOMIc=
github.com/gofiber/utils v1.2.0/go.mod h1:poZpsnhBykfnY1Mc0KeEa6mSHrS3dV0+oBWyeQmb2e0=
github.com/pmezard/go-difflib v1.0.1-0.20181226105442-5d4384ee4fb2 h1:Jamvg5psRIccs7FGNTlIRMkT8wgtp5eCXdBlqhYGL6U=
github.com/stretchr/testify v1.11.1 h1:7s2iGBzp5EwR7/aIZr8ao5+dra3wiQyKjjFuvgVKu7U=
github.com/stretchr/testify v1.11.1/go.mod h1:wZwfW3scLgRK+23gO65QZefKpKQRnfz6sD981Nm4B6U=
gopkg.in/yaml.v3 v3.0.1 h1:fxVm/GzAzEWqLHuvctI91KS9hhNmmWOoWu0XTYJS7CA=
gopkg.in/yaml.v3 v3.0.1/go.mod h1:K4uyk7z7BCEPqu6E+C64Yfv1cQ7kz7rIZviUmN+EgEM=
